
Microsoft Visual Studio Solution File, Format Version 12.00
# Visual Studio Version 16
VisualStudioVersion = 16.0.32126.315
MinimumVisualStudioVersion = 10.0.40219.1
Project("{FAE04EC0-301F-11D3-BF4B-00C04F79EFBC}") = "O365.Mail", "O365.Mail\O365.Mail.csproj", "{DAC74602-B061-4151-9E55-6F83A7BE4A6D}"
EndProject
Global
	GlobalSection(SolutionConfigurationPlatforms) = preSolution
		Debug|Any CPU = Debug|Any CPU
		Release|Any CPU = Release|Any CPU
	EndGlobalSection
	GlobalSection(ProjectConfigurationPlatforms) = postSolution
		{DAC74602-B061-4151-9E55-6F83A7BE4A6D}.Debug|Any CPU.ActiveCfg = Debug|Any CPU
		{DAC74602-B061-4151-9E55-6F83A7BE4A6D}.Debug|Any CPU.Build.0 = Debug|Any CPU
		{DAC74602-B061-4151-9E55-6F83A7BE4A6D}.Release|Any CPU.ActiveCfg = Release|Any CPU
		{DAC74602-B061-4151-9E55-6F83A7BE4A6D}.Release|Any CPU.Build.0 = Release|Any CPU
	EndGlobalSection
	GlobalSection(SolutionProperties) = preSolution
		HideSolutionNode = FALSE
	EndGlobalSection
	GlobalSection(ExtensibilityGlobals) = postSolution
		SolutionGuid = {DE42D537-9AD6-4909-996A-933A8A50D5DD}
	EndGlobalSection
EndGlobal
